// !$*UTF8*$!
{
	archiveVersion = 1;
	classes = {
	};
	objectVersion = 46;
	objects = {

/* Begin PBXBuildFile section */
		BC0008C31C02EE560043E141 /* main.m in Sources */ = {isa = PBXBuildFile; fileRef = BC0008C21C02EE560043E141 /* main.m */; };
		BC0008C61C02EE560043E141 /* AppDelegate.m in Sources */ = {isa = PBXBuildFile; fileRef = BC0008C51C02EE560043E141 /* AppDelegate.m */; };
		BC0008C91C02EE560043E141 /* ViewController.m in Sources */ = {isa = PBXBuildFile; fileRef = BC0008C81C02EE560043E141 /* ViewController.m */; };
		BC0008CC1C02EE560043E141 /* Main.storyboard in Resources */ = {isa = PBXBuildFile; fileRef = BC0008CA1C02EE560043E141 /* Main.storyboard */; };
		BC0008CE1C02EE560043E141 /* Assets.xcassets in Resources */ = {isa = PBXBuildFile; fileRef = BC0008CD1C02EE560043E141 /* Assets.xcassets */; };
		BC0008D11C02EE560043E141 /* LaunchScreen.storyboard in Resources */ = {isa = PBXBuildFile; fileRef = BC0008CF1C02EE560043E141 /* LaunchScreen.storyboard */; };
		BC0008DC1C02EE560043E141 /* MX_demo_Tests.m in Sources */ = {isa = PBXBuildFile; fileRef = BC0008DB1C02EE560043E141 /* MX_demo_Tests.m */; };
		BC0008E71C02EE560043E141 /* MX_demo_UITests.m in Sources */ = {isa = PBXBuildFile; fileRef = BC0008E61C02EE560043E141 /* MX_demo_UITests.m */; };
/* End PBXBuildFile section */

/* Begin PBXContainerItemProxy section */
		BC0008D81C02EE560043E141 /* PBXContainerItemProxy */ = {
			isa = PBXContainerItemProxy;
			containerPortal = BC0008B61C02EE560043E141 /* Project object */;
			proxyType = 1;
			remoteGlobalIDString = BC0008BD1C02EE560043E141;
			remoteInfo = MX_demo_;
		};
		BC0008E31C02EE560043E141 /* PBXContainerItemProxy */ = {
			isa = PBXContainerItemProxy;
			containerPortal = BC0008B61C02EE560043E141 /* Project object */;
			proxyType = 1;
			remoteGlobalIDString = BC0008BD1C02EE560043E141;
			remoteInfo = MX_demo_;
		};
/* End PBXContainerItemProxy section */

/* Begin PBXFileReference section */
		BC0008BE1C02EE560043E141 /* MX_demo_.app */ = {isa = PBXFileReference; explicitFileType = wrapper.application; includeInIndex = 0; path = MX_demo_.app; sourceTree = BUILT_PRODUCTS_DIR; };
		BC0008C21C02EE560043E141 /* main.m */ = {isa = PBXFileReference; lastKnownFileType = sourcecode.c.objc; path = main.m; sourceTree = "<group>"; };
		BC0008C41C02EE560043E141 /* AppDelegate.h */ = {isa = PBXFileReference; lastKnownFileType = sourcecode.c.h; path = AppDelegate.h; sourceTree = "<group>"; };
		BC0008C51C02EE560043E141 /* AppDelegate.m */ = {isa = PBXFileReference; lastKnownFileType = sourcecode.c.objc; path = AppDelegate.m; sourceTree = "<group>"; };
		BC0008C71C02EE560043E141 /* ViewController.h */ = {isa = PBXFileReference; lastKnownFileType = sourcecode.c.h; path = ViewController.h; sourceTree = "<group>"; };
		BC0008C81C02EE560043E141 /* ViewController.m */ = {isa = PBXFileReference; lastKnownFileType = sourcecode.c.objc; path = ViewController.m; sourceTree = "<group>"; };
		BC0008CB1C02EE560043E141 /* Base */ = {isa = PBXFileReference; lastKnownFileType = file.storyboard; name = Base; path = Base.lproj/Main.storyboard; sourceTree = "<group>"; };
		BC0008CD1C02EE560043E141 /* Assets.xcassets */ = {isa = PBXFileReference; lastKnownFileType = folder.assetcatalog; path = Assets.xcassets; sourceTree = "<group>"; };
		BC0008D01C02EE560043E141 /* Base */ = {isa = PBXFileReference; lastKnownFileType = file.storyboard; name = Base; path = Base.lproj/LaunchScreen.storyboard; sourceTree = "<group>"; };
		BC0008D21C02EE560043E141 /* Info.plist */ = {isa = PBXFileReference; lastKnownFileType = text.plist.xml; path = Info.plist; sourceTree = "<group>"; };
		BC0008D71C02EE560043E141 /* MX_demo_Tests.xctest */ = {isa = PBXFileReference; explicitFileType = wrapper.cfbundle; includeInIndex = 0; path = MX_demo_Tests.xctest; sourceTree = BUILT_PRODUCTS_DIR; };
		BC0008DB1C02EE560043E141 /* MX_demo_Tests.m */ = {isa = PBXFileReference; lastKnownFileType = sourcecode.c.objc; path = MX_demo_Tests.m; sourceTree = "<group>"; };
		BC0008DD1C02EE560043E141 /* Info.plist */ = {isa = PBXFileReference; lastKnownFileType = text.plist.xml; path = Info.plist; sourceTree = "<group>"; };
		BC0008E21C02EE560043E141 /* MX_demo_UITests.xctest */ = {isa = PBXFileReference; explicitFileType = wrapper.cfbundle; includeInIndex = 0; path = MX_demo_UITests.xctest; sourceTree = BUILT_PRODUCTS_DIR; };
		BC0008E61C02EE560043E141 /* MX_demo_UITests.m */ = {isa = PBXFileReference; lastKnownFileType = sourcecode.c.objc; path = MX_demo_UITests.m; sourceTree = "<group>"; };
		BC0008E81C02EE560043E141 /* Info.plist */ = {isa = PBXFileReference; lastKnownFileType = text.plist.xml; path = Info.plist; sourceTree = "<group>"; };
/* End PBXFileReference section */

/* Begin PBXFrameworksBuildPhase section */
		BC0008BB1C02EE560043E141 /* Frameworks */ = {
			isa = PBXFrameworksBuildPhase;
			buildActionMask = 2147483647;
			files = (
			);
			runOnlyForDeploymentPostprocessing = 0;
		};
		BC0008D41C02EE560043E141 /* Frameworks */ = {
			isa = PBXFrameworksBuildPhase;
			buildActionMask = 2147483647;
			files = (
			);
			runOnlyForDeploymentPostprocessing = 0;
		};
		BC0008DF1C02EE560043E141 /* Frameworks */ = {
			isa = PBXFrameworksBuildPhase;
			buildActionMask = 2147483647;
			files = (
			);
			runOnlyForDeploymentPostprocessing = 0;
		};
/* End PBXFrameworksBuildPhase section */

/* Begin PBXGroup section */
		BC0008B51C02EE560043E141 = {
			isa = PBXGroup;
			children = (
				BC0008C01C02EE560043E141 /* MX_demo_ */,
				BC0008DA1C02EE560043E141 /* MX_demo_Tests */,
				BC0008E51C02EE560043E141 /* MX_demo_UITests */,
				BC0008BF1C02EE560043E141 /* Products */,
			);
			sourceTree = "<group>";
		};
		BC0008BF1C02EE560043E141 /* Products */ = {
			isa = PBXGroup;
			children = (
				BC0008BE1C02EE560043E141 /* MX_demo_.app */,
				BC0008D71C02EE560043E141 /* MX_demo_Tests.xctest */,
				BC0008E21C02EE560043E141 /* MX_demo_UITests.xctest */,
			);
			name = Products;
			sourceTree = "<group>";
		};
		BC0008C01C02EE560043E141 /* MX_demo_ */ = {
			isa = PBXGroup;
			children = (
				BC0008C41C02EE560043E141 /* AppDelegate.h */,
				BC0008C51C02EE560043E141 /* AppDelegate.m */,
				BC0008C71C02EE560043E141 /* ViewController.h */,
				BC0008C81C02EE560043E141 /* ViewController.m */,
				BC0008CA1C02EE560043E141 /* Main.storyboard */,
				BC0008CD1C02EE560043E141 /* Assets.xcassets */,
				BC0008CF1C02EE560043E141 /* LaunchScreen.storyboard */,
				BC0008D21C02EE560043E141 /* Info.plist */,
				BC0008C11C02EE560043E141 /* Supporting Files */,
			);
			path = MX_demo_;
			sourceTree = "<group>";
		};
		BC0008C11C02EE560043E141 /* Supporting Files */ = {
			isa = PBXGroup;
			children = (
				BC0008C21C02EE560043E141 /* main.m */,
			);
			name = "Supporting Files";
			sourceTree = "<group>";
		};
		BC0008DA1C02EE560043E141 /* MX_demo_Tests */ = {
			isa = PBXGroup;
			children = (
				BC0008DB1C02EE560043E141 /* MX_demo_Tests.m */,
				BC0008DD1C02EE560043E141 /* Info.plist */,
			);
			path = MX_demo_Tests;
			sourceTree = "<group>";
		};
		BC0008E51C02EE560043E141 /* MX_demo_UITests */ = {
			isa = PBXGroup;
			children = (
				BC0008E61C02EE560043E141 /* MX_demo_UITests.m */,
				BC0008E81C02EE560043E141 /* Info.plist */,
			);
			path = MX_demo_UITests;
			sourceTree = "<group>";
		};
/* End PBXGroup section */

/* Begin PBXNativeTarget section */
		BC0008BD1C02EE560043E141 /* MX_demo_ */ = {
			isa = PBXNativeTarget;
			buildConfigurationList = BC0008EB1C02EE560043E141 /* Build configuration list for PBXNativeTarget "MX_demo_" */;
			buildPhases = (
				BC0008BA1C02EE560043E141 /* Sources */,
				BC0008BB1C02EE560043E141 /* Frameworks */,
				BC0008BC1C02EE560043E141 /* Resources */,
			);
			buildRules = (
			);
			dependencies = (
			);
			name = MX_demo_;
			productName = MX_demo_;
			productReference = BC0008BE1C02EE560043E141 /* MX_demo_.app */;
			productType = "com.apple.product-type.application";
		};
		BC0008D61C02EE560043E141 /* MX_demo_Tests */ = {
			isa = PBXNativeTarget;
			buildConfigurationList = BC0008EE1C02EE560043E141 /* Build configuration list for PBXNativeTarget "MX_demo_Tests" */;
			buildPhases = (
				BC0008D31C02EE560043E141 /* Sources */,
				BC0008D41C02EE560043E141 /* Frameworks */,
				BC0008D51C02EE560043E141 /* Resources */,
			);
			buildRules = (
			);
			dependencies = (
				BC0008D91C02EE560043E141 /* PBXTargetDependency */,
			);
			name = MX_demo_Tests;
			productName = MX_demo_Tests;
			productReference = BC0008D71C02EE560043E141 /* MX_demo_Tests.xctest */;
			productType = "com.apple.product-type.bundle.unit-test";
		};
		BC0008E11C02EE560043E141 /* MX_demo_UITests */ = {
			isa = PBXNativeTarget;
			buildConfigurationList = BC0008F11C02EE560043E141 /* Build configuration list for PBXNativeTarget "MX_demo_UITests" */;
			buildPhases = (
				BC0008DE1C02EE560043E141 /* Sources */,
				BC0008DF1C02EE560043E141 /* Frameworks */,
				BC0008E01C02EE560043E141 /* Resources */,
			);
			buildRules = (
			);
			dependencies = (
				BC0008E41C02EE560043E141 /* PBXTargetDependency */,
			);
			name = MX_demo_UITests;
			productName = MX_demo_UITests;
			productReference = BC0008E21C02EE560043E141 /* MX_demo_UITests.xctest */;
			productType = "com.apple.product-type.bundle.ui-testing";
		};
/* End PBXNativeTarget section */

/* Begin PBXProject section */
		BC0008B61C02EE560043E141 /* Project object */ = {
			isa = PBXProject;
			attributes = {
				LastUpgradeCheck = 0700;
				ORGANIZATIONNAME = mx_lsd;
				TargetAttributes = {
					BC0008BD1C02EE560043E141 = {
						CreatedOnToolsVersion = 7.0;
					};
					BC0008D61C02EE560043E141 = {
						CreatedOnToolsVersion = 7.0;
						TestTargetID = BC0008BD1C02EE560043E141;
					};
					BC0008E11C02EE560043E141 = {
						CreatedOnToolsVersion = 7.0;
						TestTargetID = BC0008BD1C02EE560043E141;
					};
				};
			};
			buildConfigurationList = BC0008B91C02EE560043E141 /* Build configuration list for PBXProject "MX_demo_" */;
			compatibilityVersion = "Xcode 3.2";
			developmentRegion = English;
			hasScannedForEncodings = 0;
			knownRegions = (
				en,
				Base,
			);
			mainGroup = BC0008B51C02EE560043E141;
			productRefGroup = BC0008BF1C02EE560043E141 /* Products */;
			projectDirPath = "";
			projectRoot = "";
			targets = (
				BC0008BD1C02EE560043E141 /* MX_demo_ */,
				BC0008D61C02EE560043E141 /* MX_demo_Tests */,
				BC0008E11C02EE560043E141 /* MX_demo_UITests */,
			);
		};
/* End PBXProject section */

/* Begin PBXResourcesBuildPhase section */
		BC0008BC1C02EE560043E141 /* Resources */ = {
			isa = PBXResourcesBuildPhase;
			buildActionMask = 2147483647;
			files = (
				BC0008D11C02EE560043E141 /* LaunchScreen.storyboard in Resources */,
				BC0008CE1C02EE560043E141 /* Assets.xcassets in Resources */,
				BC0008CC1C02EE560043E141 /* Main.storyboard in Resources */,
			);
			runOnlyForDeploymentPostprocessing = 0;
		};
		BC0008D51C02EE560043E141 /* Resources */ = {
			isa = PBXResourcesBuildPhase;
			buildActionMask = 2147483647;
			files = (
			);
			runOnlyForDeploymentPostprocessing = 0;
		};
		BC0008E01C02EE560043E141 /* Resources */ = {
			isa = PBXResourcesBuildPhase;
			buildActionMask = 2147483647;
			files = (
			);
			runOnlyForDeploymentPostprocessing = 0;
		};
/* End PBXResourcesBuildPhase section */

/* Begin PBXSourcesBuildPhase section */
		BC0008BA1C02EE560043E141 /* Sources */ = {
			isa = PBXSourcesBuildPhase;
			buildActionMask = 2147483647;
			files = (
				BC0008C91C02EE560043E141 /* ViewController.m in Sources */,
				BC0008C61C02EE560043E141 /* AppDelegate.m in Sources */,
				BC0008C31C02EE560043E141 /* main.m in Sources */,
			);
			runOnlyForDeploymentPostprocessing = 0;
		};
		BC0008D31C02EE560043E141 /* Sources */ = {
			isa = PBXSourcesBuildPhase;
			buildActionMask = 2147483647;
			files = (
				BC0008DC1C02EE560043E141 /* MX_demo_Tests.m in Sources */,
			);
			runOnlyForDeploymentPostprocessing = 0;
		};
		BC0008DE1C02EE560043E141 /* Sources */ = {
			isa = PBXSourcesBuildPhase;
			buildActionMask = 2147483647;
			files = (
				BC0008E71C02EE560043E141 /* MX_demo_UITests.m in Sources */,
			);
			runOnlyForDeploymentPostprocessing = 0;
		};
/* End PBXSourcesBuildPhase section */

/* Begin PBXTargetDependency section */
		BC0008D91C02EE560043E141 /* PBXTargetDependency */ = {
			isa = PBXTargetDependency;
			target = BC0008BD1C02EE560043E141 /* MX_demo_ */;
			targetProxy = BC0008D81C02EE560043E141 /* PBXContainerItemProxy */;
		};
		BC0008E41C02EE560043E141 /* PBXTargetDependency */ = {
			isa = PBXTargetDependency;
			target = BC0008BD1C02EE560043E141 /* MX_demo_ */;
			targetProxy = BC0008E31C02EE560043E141 /* PBXContainerItemProxy */;
		};
/* End PBXTargetDependency section */

/* Begin PBXVariantGroup section */
		BC0008CA1C02EE560043E141 /* Main.storyboard */ = {
			isa = PBXVariantGroup;
			children = (
				BC0008CB1C02EE560043E141 /* Base */,
			);
			name = Main.storyboard;
			sourceTree = "<group>";
		};
		BC0008CF1C02EE560043E141 /* LaunchScreen.storyboard */ = {
			isa = PBXVariantGroup;
			children = (
				BC0008D01C02EE560043E141 /* Base */,
			);
			name = LaunchScreen.storyboard;
			sourceTree = "<group>";
		};
/* End PBXVariantGroup section */

/* Begin XCBuildConfiguration section */
		BC0008E91C02EE560043E141 /* Debug */ = {
			isa = XCBuildConfiguration;
			buildSettings = {
				ALWAYS_SEARCH_USER_PATHS = NO;
				CLANG_CXX_LANGUAGE_STANDARD = "gnu++0x";
				CLANG_CXX_LIBRARY = "libc++";
				CLANG_ENABLE_MODULES = YES;
				CLANG_ENABLE_OBJC_ARC = YES;
				CLANG_WARN_BOOL_CONVERSION = YES;
				CLANG_WARN_CONSTANT_CONVERSION = YES;
				CLANG_WARN_DIRECT_OBJC_ISA_USAGE = YES_ERROR;
				CLANG_WARN_EMPTY_BODY = YES;
				CLANG_WARN_ENUM_CONVERSION = YES;
				CLANG_WARN_INT_CONVERSION = YES;
				CLANG_WARN_OBJC_ROOT_CLASS = YES_ERROR;
				CLANG_WARN_UNREACHABLE_CODE = YES;
				CLANG_WARN__DUPLICATE_METHOD_MATCH = YES;
				"CODE_SIGN_IDENTITY[sdk=iphoneos*]" = "iPhone Developer";
				COPY_PHASE_STRIP = NO;
				DEBUG_INFORMATION_FORMAT = dwarf;
				ENABLE_STRICT_OBJC_MSGSEND = YES;
				ENABLE_TESTABILITY = YES;
				GCC_C_LANGUAGE_STANDARD = gnu99;
				GCC_DYNAMIC_NO_PIC = NO;
				GCC_NO_COMMON_BLOCKS = YES;
				GCC_OPTIMIZATION_LEVEL = 0;
				GCC_PREPROCESSOR_DEFINITIONS = (
					"DEBUG=1",
					"$(inherited)",
				);
				GCC_WARN_64_TO_32_BIT_CONVERSION = YES;
				GCC_WARN_ABOUT_RETURN_TYPE = YES_ERROR;
				GCC_WARN_UNDECLARED_SELECTOR = YES;
				GCC_WARN_UNINITIALIZED_AUTOS = YES_AGGRESSIVE;
				GCC_WARN_UNUSED_FUNCTION = YES;
				GCC_WARN_UNUSED_VARIABLE = YES;
				IPHONEOS_DEPLOYMENT_TARGET = 9.0;
				MTL_ENABLE_DEBUG_INFO = YES;
				ONLY_ACTIVE_ARCH = YES;
				SDKROOT = iphoneos;
			};
			name = Debug;
		};
		BC0008EA1C02EE560043E141 /* Release */ = {
			isa = XCBuildConfiguration;
			buildSettings = {
				ALWAYS_SEARCH_USER_PATHS = NO;
				CLANG_CXX_LANGUAGE_STANDARD = "gnu++0x";
				CLANG_CXX_LIBRARY = "libc++";
				CLANG_ENABLE_MODULES = YES;
				CLANG_ENABLE_OBJC_ARC = YES;
				CLANG_WARN_BOOL_CONVERSION = YES;
				CLANG_WARN_CONSTANT_CONVERSION = YES;
				CLANG_WARN_DIRECT_OBJC_ISA_USAGE = YES_ERROR;
				CLANG_WARN_EMPTY_BODY = YES;
				CLANG_WARN_ENUM_CONVERSION = YES;
				CLANG_WARN_INT_CONVERSION = YES;
				CLANG_WARN_OBJC_ROOT_CLASS = YES_ERROR;
				CLANG_WARN_UNREACHABLE_CODE = YES;
				CLANG_WARN__DUPLICATE_METHOD_MATCH = YES;
				"CODE_SIGN_IDENTITY[sdk=iphoneos*]" = "iPhone Developer";
				COPY_PHASE_STRIP = NO;
				DEBUG_INFORMATION_FORMAT = "dwarf-with-dsym";
				ENABLE_NS_ASSERTIONS = NO;
				ENABLE_STRICT_OBJC_MSGSEND = YES;
				GCC_C_LANGUAGE_STANDARD = gnu99;
				GCC_NO_COMMON_BLOCKS = YES;
				GCC_WARN_64_TO_32_BIT_CONVERSION = YES;
				GCC_WARN_ABOUT_RETURN_TYPE = YES_ERROR;
				GCC_WARN_UNDECLARED_SELECTOR = YES;
				GCC_WARN_UNINITIALIZED_AUTOS = YES_AGGRESSIVE;
				GCC_WARN_UNUSED_FUNCTION = YES;
				GCC_WARN_UNUSED_VARIABLE = YES;
				IPHONEOS_DEPLOYMENT_TARGET = 9.0;
				MTL_ENABLE_DEBUG_INFO = NO;
				SDKROOT = iphoneos;
				VALIDATE_PRODUCT = YES;
			};
			name = Release;
		};
		BC0008EC1C02EE560043E141 /* Debug */ = {
			isa = XCBuildConfiguration;
			buildSettings = {
				ASSETCATALOG_COMPILER_APPICON_NAME = AppIcon;
				INFOPLIST_FILE = MX_demo_/Info.plist;
				LD_RUNPATH_SEARCH_PATHS = "$(inherited) @executable_path/Frameworks";
				PRODUCT_BUNDLE_IDENTIFIER = "com.qianfeng.MX-demo-";
				PRODUCT_NAME = "$(TARGET_NAME)";
			};
			name = Debug;
		};
		BC0008ED1C02EE560043E141 /* Release */ = {
			isa = XCBuildConfiguration;
			buildSettings = {
				ASSETCATALOG_COMPILER_APPICON_NAME = AppIcon;
				INFOPLIST_FILE = MX_demo_/Info.plist;
				LD_RUNPATH_SEARCH_PATHS = "$(inherited) @executable_path/Frameworks";
				PRODUCT_BUNDLE_IDENTIFIER = "com.qianfeng.MX-demo-";
				PRODUCT_NAME = "$(TARGET_NAME)";
			};
			name = Release;
		};
		BC0008EF1C02EE560043E141 /* Debug */ = {
			isa = XCBuildConfiguration;
			buildSettings = {
				BUNDLE_LOADER = "$(TEST_HOST)";
				INFOPLIST_FILE = MX_demo_Tests/Info.plist;
				LD_RUNPATH_SEARCH_PATHS = "$(inherited) @executable_path/Frameworks @loader_path/Frameworks";
				PRODUCT_BUNDLE_IDENTIFIER = "com.qianfeng.MX-demo-Tests";
				PRODUCT_NAME = "$(TARGET_NAME)";
				TEST_HOST = "$(BUILT_PRODUCTS_DIR)/MX_demo_.app/MX_demo_";
			};
			name = Debug;
		};
		BC0008F01C02EE560043E141 /* Release */ = {
			isa = XCBuildConfiguration;
			buildSettings = {
				BUNDLE_LOADER = "$(TEST_HOST)";
				INFOPLIST_FILE = MX_demo_Tests/Info.plist;
				LD_RUNPATH_SEARCH_PATHS = "$(inherited) @executable_path/Frameworks @loader_path/Frameworks";
				PRODUCT_BUNDLE_IDENTIFIER = "com.qianfeng.MX-demo-Tests";
				PRODUCT_NAME = "$(TARGET_NAME)";
				TEST_HOST = "$(BUILT_PRODUCTS_DIR)/MX_demo_.app/MX_demo_";
			};
			name = Release;
		};
		BC0008F21C02EE560043E141 /* Debug */ = {
			isa = XCBuildConfiguration;
			buildSettings = {
				INFOPLIST_FILE = MX_demo_UITests/Info.plist;
				LD_RUNPATH_SEARCH_PATHS = "$(inherited) @executable_path/Frameworks @loader_path/Frameworks";
				PRODUCT_BUNDLE_IDENTIFIER = "com.qianfeng.MX-demo-UITests";
				PRODUCT_NAME = "$(TARGET_NAME)";
				TEST_TARGET_NAME = MX_demo_;
				USES_XCTRUNNER = YES;
			};
			name = Debug;
		};
		BC0008F31C02EE560043E141 /* Release */ = {
			isa = XCBuildConfiguration;
			buildSettings = {
				INFOPLIST_FILE = MX_demo_UITests/Info.plist;
				LD_RUNPATH_SEARCH_PATHS = "$(inherited) @executable_path/Frameworks @loader_path/Frameworks";
				PRODUCT_BUNDLE_IDENTIFIER = "com.qianfeng.MX-demo-UITests";
				PRODUCT_NAME = "$(TARGET_NAME)";
				TEST_TARGET_NAME = MX_demo_;
				USES_XCTRUNNER = YES;
			};
			name = Release;
		};
/* End XCBuildConfiguration section */

/* Begin XCConfigurationList section */
		BC0008B91C02EE560043E141 /* Build configuration list for PBXProject "MX_demo_" */ = {
			isa = XCConfigurationList;
			buildConfigurations = (
				BC0008E91C02EE560043E141 /* Debug */,
				BC0008EA1C02EE560043E141 /* Release */,
			);
			defaultConfigurationIsVisible = 0;
			defaultConfigurationName = Release;
		};
		BC0008EB1C02EE560043E141 /* Build configuration list for PBXNativeTarget "MX_demo_" */ = {
			isa = XCConfigurationList;
			buildConfigurations = (
				BC0008EC1C02EE560043E141 /* Debug */,
				BC0008ED1C02EE560043E141 /* Release */,
			);
			defaultConfigurationIsVisible = 0;
		};
		BC0008EE1C02EE560043E141 /* Build configuration list for PBXNativeTarget "MX_demo_Tests" */ = {
			isa = XCConfigurationList;
			buildConfigurations = (
				BC0008EF1C02EE560043E141 /* Debug */,
				BC0008F01C02EE560043E141 /* Release */,
			);
			defaultConfigurationIsVisible = 0;
		};
		BC0008F11C02EE560043E141 /* Build configuration list for PBXNativeTarget "MX_demo_UITests" */ = {
			isa = XCConfigurationList;
			buildConfigurations = (
				BC0008F21C02EE560043E141 /* Debug */,
				BC0008F31C02EE560043E141 /* Release */,
			);
			defaultConfigurationIsVisible = 0;
		};
/* End XCConfigurationList section */
	};
	rootObject = BC0008B61C02EE560043E141 /* Project object */;
}
